
Microsoft Visual Studio Solution File, Format Version 12.00
# Visual Studio 15
VisualStudioVersion = 15.0.27004.2006
MinimumVisualStudioVersion = 10.0.40219.1
Project("{FAE04EC0-301F-11D3-BF4B-00C04F79EFBC}") = "Framework", "Framework\Framework.csproj", "{CC84392E-728A-40C7-BF45-C6F83F615C0E}"
EndProject
Project("{FAE04EC0-301F-11D3-BF4B-00C04F79EFBC}") = "Emergence_WPF", "Emergence_WPF\Emergence_WPF.csproj", "{8858C69E-B483-41FD-84CF-C7C0298E8452}"
EndProject
Project("{FAE04EC0-301F-11D3-BF4B-00C04F79EFBC}") = "Utils", "Utils\Utils.csproj", "{33739869-9643-4427-90E3-4D9C907F6E49}"
EndProject
Project("{FAE04EC0-301F-11D3-BF4B-00C04F79EFBC}") = "Business", "Busniess\Business.csproj", "{579FC0BF-C4AA-4B0B-80DA-5B7580D6618C}"
EndProject
Project("{FAE04EC0-301F-11D3-BF4B-00C04F79EFBC}") = "Emergence.Common", "Emergence.Common\Emergence.Common.csproj", "{FA639882-2D69-4822-81D3-4764F08AE196}"
EndProject
Global
	GlobalSection(SolutionConfigurationPlatforms) = preSolution
		Debug|Any CPU = Debug|Any CPU
		Release|Any CPU = Release|Any CPU
	EndGlobalSection
	GlobalSection(ProjectConfigurationPlatforms) = postSolution
		{CC84392E-728A-40C7-BF45-C6F83F615C0E}.Debug|Any CPU.ActiveCfg = Debug|Any CPU
		{CC84392E-728A-40C7-BF45-C6F83F615C0E}.Debug|Any CPU.Build.0 = Debug|Any CPU
		{CC84392E-728A-40C7-BF45-C6F83F615C0E}.Release|Any CPU.ActiveCfg = Release|Any CPU
		{CC84392E-728A-40C7-BF45-C6F83F615C0E}.Release|Any CPU.Build.0 = Release|Any CPU
		{8858C69E-B483-41FD-84CF-C7C0298E8452}.Debug|Any CPU.ActiveCfg = Debug|Any CPU
		{8858C69E-B483-41FD-84CF-C7C0298E8452}.Debug|Any CPU.Build.0 = Debug|Any CPU
		{8858C69E-B483-41FD-84CF-C7C0298E8452}.Release|Any CPU.ActiveCfg = Release|Any CPU
		{8858C69E-B483-41FD-84CF-C7C0298E8452}.Release|Any CPU.Build.0 = Release|Any CPU
		{33739869-9643-4427-90E3-4D9C907F6E49}.Debug|Any CPU.ActiveCfg = Debug|Any CPU
		{33739869-9643-4427-90E3-4D9C907F6E49}.Debug|Any CPU.Build.0 = Debug|Any CPU
		{33739869-9643-4427-90E3-4D9C907F6E49}.Release|Any CPU.ActiveCfg = Release|Any CPU
		{33739869-9643-4427-90E3-4D9C907F6E49}.Release|Any CPU.Build.0 = Release|Any CPU
		{579FC0BF-C4AA-4B0B-80DA-5B7580D6618C}.Debug|Any CPU.ActiveCfg = Debug|Any CPU
		{579FC0BF-C4AA-4B0B-80DA-5B7580D6618C}.Debug|Any CPU.Build.0 = Debug|Any CPU
		{579FC0BF-C4AA-4B0B-80DA-5B7580D6618C}.Release|Any CPU.ActiveCfg = Release|Any CPU
		{579FC0BF-C4AA-4B0B-80DA-5B7580D6618C}.Release|Any CPU.Build.0 = Release|Any CPU
		{FA639882-2D69-4822-81D3-4764F08AE196}.Debug|Any CPU.ActiveCfg = Debug|Any CPU
		{FA639882-2D69-4822-81D3-4764F08AE196}.Debug|Any CPU.Build.0 = Debug|Any CPU
		{FA639882-2D69-4822-81D3-4764F08AE196}.Release|Any CPU.ActiveCfg = Release|Any CPU
		{FA639882-2D69-4822-81D3-4764F08AE196}.Release|Any CPU.Build.0 = Release|Any CPU
	EndGlobalSection
	GlobalSection(SolutionProperties) = preSolution
		HideSolutionNode = FALSE
	EndGlobalSection
	GlobalSection(ExtensibilityGlobals) = postSolution
		SolutionGuid = {29B24756-E5A8-421D-800A-16FF675F9938}
	EndGlobalSection
EndGlobal
